
Microsoft Visual Studio Solution File, Format Version 12.00
# Visual Studio Version 16
VisualStudioVersion = 16.0.30128.74
MinimumVisualStudioVersion = 10.0.40219.1
Project("{FAE04EC0-301F-11D3-BF4B-00C04F79EFBC}") = "ShopifyArchive", "ShopifyArchive\ShopifyArchive.csproj", "{51149159-DD17-4D20-87E3-CD6DE8DC0BE9}"
EndProject
Global
	GlobalSection(SolutionConfigurationPlatforms) = preSolution
		Debug|Any CPU = Debug|Any CPU
		Release|Any CPU = Release|Any CPU
	EndGlobalSection
	GlobalSection(ProjectConfigurationPlatforms) = postSolution
		{51149159-DD17-4D20-87E3-CD6DE8DC0BE9}.Debug|Any CPU.ActiveCfg = Debug|Any CPU
		{51149159-DD17-4D20-87E3-CD6DE8DC0BE9}.Debug|Any CPU.Build.0 = Debug|Any CPU
		{51149159-DD17-4D20-87E3-CD6DE8DC0BE9}.Release|Any CPU.ActiveCfg = Release|Any CPU
		{51149159-DD17-4D20-87E3-CD6DE8DC0BE9}.Release|Any CPU.Build.0 = Release|Any CPU
	EndGlobalSection
	GlobalSection(SolutionProperties) = preSolution
		HideSolutionNode = FALSE
	EndGlobalSection
	GlobalSection(ExtensibilityGlobals) = postSolution
		SolutionGuid = {A18DAB55-A8AA-4C22-BDBE-A1834D4FAD10}
	EndGlobalSection
EndGlobal
