
Microsoft Visual Studio Solution File, Format Version 12.00
# Visual Studio Version 16
VisualStudioVersion = 16.0.30128.74
MinimumVisualStudioVersion = 10.0.40219.1
Project("{FAE04EC0-301F-11D3-BF4B-00C04F79EFBC}") = "ShopifyFileConverter", "ShopifyFileConverter\ShopifyFileConverter.csproj", "{AE055CAF-B252-4D2D-8A93-BF77E6C55DF5}"
EndProject
Global
	GlobalSection(SolutionConfigurationPlatforms) = preSolution
		Debug|Any CPU = Debug|Any CPU
		Release|Any CPU = Release|Any CPU
	EndGlobalSection
	GlobalSection(ProjectConfigurationPlatforms) = postSolution
		{AE055CAF-B252-4D2D-8A93-BF77E6C55DF5}.Debug|Any CPU.ActiveCfg = Debug|Any CPU
		{AE055CAF-B252-4D2D-8A93-BF77E6C55DF5}.Debug|Any CPU.Build.0 = Debug|Any CPU
		{AE055CAF-B252-4D2D-8A93-BF77E6C55DF5}.Release|Any CPU.ActiveCfg = Release|Any CPU
		{AE055CAF-B252-4D2D-8A93-BF77E6C55DF5}.Release|Any CPU.Build.0 = Release|Any CPU
	EndGlobalSection
	GlobalSection(SolutionProperties) = preSolution
		HideSolutionNode = FALSE
	EndGlobalSection
	GlobalSection(ExtensibilityGlobals) = postSolution
		SolutionGuid = {C0C41CF5-8C99-4239-8C42-79EFD2AA4D11}
	EndGlobalSection
EndGlobal
