
Microsoft Visual Studio Solution File, Format Version 12.00
# Visual Studio Version 16
VisualStudioVersion = 16.0.29926.136
MinimumVisualStudioVersion = 10.0.40219.1
Project("{FAE04EC0-301F-11D3-BF4B-00C04F79EFBC}") = "WindowsLog", "WindowsLog\WindowsLog.csproj", "{A0AE7306-1CF9-4D26-9116-FF28BC6DFCC0}"
EndProject
Project("{FAE04EC0-301F-11D3-BF4B-00C04F79EFBC}") = "UnitTestWindowsLog", "UnitTestWindowsLog\UnitTestWindowsLog.csproj", "{58B38BCE-9446-4126-95B2-DA88831F250E}"
EndProject
Global
	GlobalSection(SolutionConfigurationPlatforms) = preSolution
		Debug|Any CPU = Debug|Any CPU
		Release|Any CPU = Release|Any CPU
	EndGlobalSection
	GlobalSection(ProjectConfigurationPlatforms) = postSolution
		{A0AE7306-1CF9-4D26-9116-FF28BC6DFCC0}.Debug|Any CPU.ActiveCfg = Debug|Any CPU
		{A0AE7306-1CF9-4D26-9116-FF28BC6DFCC0}.Debug|Any CPU.Build.0 = Debug|Any CPU
		{A0AE7306-1CF9-4D26-9116-FF28BC6DFCC0}.Release|Any CPU.ActiveCfg = Release|Any CPU
		{A0AE7306-1CF9-4D26-9116-FF28BC6DFCC0}.Release|Any CPU.Build.0 = Release|Any CPU
		{58B38BCE-9446-4126-95B2-DA88831F250E}.Debug|Any CPU.ActiveCfg = Debug|Any CPU
		{58B38BCE-9446-4126-95B2-DA88831F250E}.Debug|Any CPU.Build.0 = Debug|Any CPU
		{58B38BCE-9446-4126-95B2-DA88831F250E}.Release|Any CPU.ActiveCfg = Release|Any CPU
		{58B38BCE-9446-4126-95B2-DA88831F250E}.Release|Any CPU.Build.0 = Release|Any CPU
	EndGlobalSection
	GlobalSection(SolutionProperties) = preSolution
		HideSolutionNode = FALSE
	EndGlobalSection
	GlobalSection(ExtensibilityGlobals) = postSolution
		SolutionGuid = {48515EC0-9F93-42DB-8CFD-A68F1FFB0324}
	EndGlobalSection
	GlobalSection(TeamFoundationVersionControl) = preSolution
		SccNumberOfProjects = 3
		SccEnterpriseProvider = {4CA58AB2-18FA-4F8D-95D4-32DDF27D184C}
		SccTeamFoundationServer = http://tf_server:8080/tfs/aria-fox
		SccLocalPath0 = .
		SccProjectUniqueName1 = UnitTestWindowsLog\\UnitTestWindowsLog.csproj
		SccProjectName1 = UnitTestWindowsLog
		SccLocalPath1 = UnitTestWindowsLog
		SccProjectUniqueName2 = WindowsLog\\WindowsLog.csproj
		SccProjectName2 = WindowsLog
		SccLocalPath2 = WindowsLog
	EndGlobalSection
EndGlobal
